# This file is generated by running "yarn install" inside your project.
# Manual changes might be lost - proceed with caution!

__metadata:
  version: 8
  cacheKey: 10c0

"js-examples@workspace:.":
  version: 0.0.0-use.local
  resolution: "js-examples@workspace:."
  dependencies:
    typescript: "npm:^5.6.3"
  languageName: unknown
  linkType: soft

"typescript@npm:^5.6.3":
  version: 5.6.3
  resolution: "typescript@npm:5.6.3::__archiveUrl=https%3A%2F%2Fnpm.dev.wixpress.com%2Fapi%2Fnpm%2Fnpm-repos%2Ftypescript%2F-%2Ftypescript-5.6.3.tgz"
  bin:
    tsc: bin/tsc
    tsserver: bin/tsserver
  checksum: 44f61d3fb15c35359bc60399cb8127c30bae554cd555b8e2b46d68fa79d680354b83320ad419ff1b81a0bdf324197b29affe6cc28988cd6a74d4ac60c94f9799
  languageName: node
  linkType: hard

"typescript@patch:typescript@npm%3A^5.6.3#optional!builtin<compat/typescript>":
  version: 5.6.3
  resolution: "typescript@patch:typescript@npm%3A5.6.3%3A%3A__archiveUrl=https%253A%252F%252Fnpm.dev.wixpress.com%252Fapi%252Fnpm%252Fnpm-repos%252Ftypescript%252F-%252Ftypescript-5.6.3.tgz#optional!builtin<compat/typescript>::version=5.6.3&hash=e012d7"
  bin:
    tsc: bin/tsc
    tsserver: bin/tsserver
  checksum: ac8307bb06bbfd08ae7137da740769b7d8c3ee5943188743bb622c621f8ad61d244767480f90fbd840277fbf152d8932aa20c33f867dea1bb5e79b187ca1a92f
  languageName: node
  linkType: hard
